
Microsoft Visual Studio Solution File, Format Version 12.00
# Visual Studio Version 16
VisualStudioVersion = 16.0.30523.141
MinimumVisualStudioVersion = 10.0.40219.1
Project("{FAE04EC0-301F-11D3-BF4B-00C04F79EFBC}") = "CAIGUIAFECHA_EJR22", "CAIGUIAFECHA_EJR22.csproj", "{2F086707-8B6C-4092-9D72-C7BDA9A7C50E}"
EndProject
Global
	GlobalSection(SolutionConfigurationPlatforms) = preSolution
		Debug|Any CPU = Debug|Any CPU
		Release|Any CPU = Release|Any CPU
	EndGlobalSection
	GlobalSection(ProjectConfigurationPlatforms) = postSolution
		{2F086707-8B6C-4092-9D72-C7BDA9A7C50E}.Debug|Any CPU.ActiveCfg = Debug|Any CPU
		{2F086707-8B6C-4092-9D72-C7BDA9A7C50E}.Debug|Any CPU.Build.0 = Debug|Any CPU
		{2F086707-8B6C-4092-9D72-C7BDA9A7C50E}.Release|Any CPU.ActiveCfg = Release|Any CPU
		{2F086707-8B6C-4092-9D72-C7BDA9A7C50E}.Release|Any CPU.Build.0 = Release|Any CPU
	EndGlobalSection
	GlobalSection(SolutionProperties) = preSolution
		HideSolutionNode = FALSE
	EndGlobalSection
	GlobalSection(ExtensibilityGlobals) = postSolution
		SolutionGuid = {2CB7C35E-BA79-4282-BABE-24827F9BAACA}
	EndGlobalSection
EndGlobal
