
Microsoft Visual Studio Solution File, Format Version 12.00
# Visual Studio Version 16
VisualStudioVersion = 16.0.30523.141
MinimumVisualStudioVersion = 10.0.40219.1
Project("{FAE04EC0-301F-11D3-BF4B-00C04F79EFBC}") = "CAIGUIAFECHA_EJR27", "CAIGUIAFECHA_EJR27.csproj", "{7A8BCAD6-F368-4BEC-B8EC-2D7BCD4A91CC}"
EndProject
Global
	GlobalSection(SolutionConfigurationPlatforms) = preSolution
		Debug|Any CPU = Debug|Any CPU
		Release|Any CPU = Release|Any CPU
	EndGlobalSection
	GlobalSection(ProjectConfigurationPlatforms) = postSolution
		{7A8BCAD6-F368-4BEC-B8EC-2D7BCD4A91CC}.Debug|Any CPU.ActiveCfg = Debug|Any CPU
		{7A8BCAD6-F368-4BEC-B8EC-2D7BCD4A91CC}.Debug|Any CPU.Build.0 = Debug|Any CPU
		{7A8BCAD6-F368-4BEC-B8EC-2D7BCD4A91CC}.Release|Any CPU.ActiveCfg = Release|Any CPU
		{7A8BCAD6-F368-4BEC-B8EC-2D7BCD4A91CC}.Release|Any CPU.Build.0 = Release|Any CPU
	EndGlobalSection
	GlobalSection(SolutionProperties) = preSolution
		HideSolutionNode = FALSE
	EndGlobalSection
	GlobalSection(ExtensibilityGlobals) = postSolution
		SolutionGuid = {6AFAF100-C8F9-4382-9C67-D5D9B0B80228}
	EndGlobalSection
EndGlobal
