
Microsoft Visual Studio Solution File, Format Version 12.00
# Visual Studio Version 16
VisualStudioVersion = 16.0.30523.141
MinimumVisualStudioVersion = 10.0.40219.1
Project("{FAE04EC0-301F-11D3-BF4B-00C04F79EFBC}") = "CAIGUIAFECHA_EJR26", "CAIGUIAFECHA_EJR26.csproj", "{3BED4AAE-DDC1-4F2B-9AA3-37B0C6C11ADC}"
EndProject
Global
	GlobalSection(SolutionConfigurationPlatforms) = preSolution
		Debug|Any CPU = Debug|Any CPU
		Release|Any CPU = Release|Any CPU
	EndGlobalSection
	GlobalSection(ProjectConfigurationPlatforms) = postSolution
		{3BED4AAE-DDC1-4F2B-9AA3-37B0C6C11ADC}.Debug|Any CPU.ActiveCfg = Debug|Any CPU
		{3BED4AAE-DDC1-4F2B-9AA3-37B0C6C11ADC}.Debug|Any CPU.Build.0 = Debug|Any CPU
		{3BED4AAE-DDC1-4F2B-9AA3-37B0C6C11ADC}.Release|Any CPU.ActiveCfg = Release|Any CPU
		{3BED4AAE-DDC1-4F2B-9AA3-37B0C6C11ADC}.Release|Any CPU.Build.0 = Release|Any CPU
	EndGlobalSection
	GlobalSection(SolutionProperties) = preSolution
		HideSolutionNode = FALSE
	EndGlobalSection
	GlobalSection(ExtensibilityGlobals) = postSolution
		SolutionGuid = {447BCE60-DDCB-40E4-A8D1-D6D36F870438}
	EndGlobalSection
EndGlobal
